dependencies:
- name: neo4j
  repository: https://helm.neo4j.com/neo4j
  version: 2026.6.0
- name: qdrant
  repository: https://qdrant.github.io/qdrant-helm
  version: 1.18.2
digest: sha256:d11d7033608f1434e3e6b9681304587f5beafdc162c14411a78d1a5b3db7e0da
generated: "2026-07-25T14:17:00.55034+01:00"
